// !$*UTF8*$!
{
	archiveVersion = 1;
	classes = {
	};
	objectVersion = 56;
	objects = {

/* Begin PBXBuildFile section */
		ECCDF3CC2B9499F000EFDA8B /* LandmarksApp.swift in Sources */ = {isa = PBXBuildFile; fileRef = ECCDF3CB2B9499F000EFDA8B /* LandmarksApp.swift */; };
		ECCDF3CE2B9499F000EFDA8B /* ContentView.swift in Sources */ = {isa = PBXBuildFile; fileRef = ECCDF3CD2B9499F000EFDA8B /* ContentView.swift */; };
		ECCDF3D02B9499F100EFDA8B /* Assets.xcassets in Resources */ = {isa = PBXBuildFile; fileRef = ECCDF3CF2B9499F100EFDA8B /* Assets.xcassets */; };
		ECCDF3D32B9499F100EFDA8B /* Preview Assets.xcassets in Resources */ = {isa = PBXBuildFile; fileRef = ECCDF3D22B9499F100EFDA8B /* Preview Assets.xcassets */; };
		ECCDF3DD2B949C8600EFDA8B /* CircleImage.swift in Sources */ = {isa = PBXBuildFile; fileRef = ECCDF3DC2B949C8600EFDA8B /* CircleImage.swift */; };
		ECCDF3DF2B94A0D500EFDA8B /* MapView.swift in Sources */ = {isa = PBXBuildFile; fileRef = ECCDF3DE2B94A0D500EFDA8B /* MapView.swift */; };
		ECCDF3E12B94A64D00EFDA8B /* landmarkData.json in Resources */ = {isa = PBXBuildFile; fileRef = ECCDF3E02B94A64D00EFDA8B /* landmarkData.json */; };
		ECCDF3E32B94A66400EFDA8B /* Landmark.swift in Sources */ = {isa = PBXBuildFile; fileRef = ECCDF3E22B94A66400EFDA8B /* Landmark.swift */; };
		ECCDF3E52B94A7B600EFDA8B /* ModelData.swift in Sources */ = {isa = PBXBuildFile; fileRef = ECCDF3E42B94A7B600EFDA8B /* ModelData.swift */; };
		ECCDF3EA2B94A98A00EFDA8B /* LandmarkRow.swift in Sources */ = {isa = PBXBuildFile; fileRef = ECCDF3E92B94A98A00EFDA8B /* LandmarkRow.swift */; };
		ECCDF3EC2B94ABC600EFDA8B /* LandmarkList.swift in Sources */ = {isa = PBXBuildFile; fileRef = ECCDF3EB2B94ABC600EFDA8B /* LandmarkList.swift */; };
		ECCDF3EE2B94AFC000EFDA8B /* LandmarkDetail.swift in Sources */ = {isa = PBXBuildFile; fileRef = ECCDF3ED2B94AFC000EFDA8B /* LandmarkDetail.swift */; };
		ECCDF3F02B94BE9F00EFDA8B /* FavoriteButton.swift in Sources */ = {isa = PBXBuildFile; fileRef = ECCDF3EF2B94BE9F00EFDA8B /* FavoriteButton.swift */; };
		ECCDF3F32B94C36E00EFDA8B /* HexagonParameters.swift in Sources */ = {isa = PBXBuildFile; fileRef = ECCDF3F22B94C36E00EFDA8B /* HexagonParameters.swift */; };
		ECCDF3F52B94C3F900EFDA8B /* BadgeBackground.swift in Sources */ = {isa = PBXBuildFile; fileRef = ECCDF3F42B94C3F900EFDA8B /* BadgeBackground.swift */; };
		ECCDF3F72B94C59600EFDA8B /* BadgeSymbol.swift in Sources */ = {isa = PBXBuildFile; fileRef = ECCDF3F62B94C59600EFDA8B /* BadgeSymbol.swift */; };
		ECCDF3F92B94C5E300EFDA8B /* RotatedBadgeSymbol.swift in Sources */ = {isa = PBXBuildFile; fileRef = ECCDF3F82B94C5E300EFDA8B /* RotatedBadgeSymbol.swift */; };
		ECCDF3FB2B94C61500EFDA8B /* Badge.swift in Sources */ = {isa = PBXBuildFile; fileRef = ECCDF3FA2B94C61500EFDA8B /* Badge.swift */; };
		ECCDF3FE2B94C6BD00EFDA8B /* hikeData.json in Resources */ = {isa = PBXBuildFile; fileRef = ECCDF3FD2B94C6BD00EFDA8B /* hikeData.json */; };
		ECCDF4002B94C6D700EFDA8B /* Hike.swift in Sources */ = {isa = PBXBuildFile; fileRef = ECCDF3FF2B94C6D700EFDA8B /* Hike.swift */; };
		ECCDF4052B94C76000EFDA8B /* HikeGraph.swift in Sources */ = {isa = PBXBuildFile; fileRef = ECCDF4012B94C76000EFDA8B /* HikeGraph.swift */; };
		ECCDF4062B94C76000EFDA8B /* GraphCapsule.swift in Sources */ = {isa = PBXBuildFile; fileRef = ECCDF4022B94C76000EFDA8B /* GraphCapsule.swift */; };
		ECCDF4072B94C76000EFDA8B /* HikeDetail.swift in Sources */ = {isa = PBXBuildFile; fileRef = ECCDF4032B94C76000EFDA8B /* HikeDetail.swift */; };
		ECCDF4082B94C76000EFDA8B /* HikeView.swift in Sources */ = {isa = PBXBuildFile; fileRef = ECCDF4042B94C76000EFDA8B /* HikeView.swift */; };
		ECCDF40A2B94CAE300EFDA8B /* CategoryHome.swift in Sources */ = {isa = PBXBuildFile; fileRef = ECCDF4092B94CAE300EFDA8B /* CategoryHome.swift */; };
		ECCDF40C2B94CC9400EFDA8B /* CategoryRow.swift in Sources */ = {isa = PBXBuildFile; fileRef = ECCDF40B2B94CC9400EFDA8B /* CategoryRow.swift */; };
		ECCDF40E2B94CDAD00EFDA8B /* CategoryItem.swift in Sources */ = {isa = PBXBuildFile; fileRef = ECCDF40D2B94CDAD00EFDA8B /* CategoryItem.swift */; };
		ECCDF4122B94D0D400EFDA8B /* Profile.swift in Sources */ = {isa = PBXBuildFile; fileRef = ECCDF4112B94D0D400EFDA8B /* Profile.swift */; };
		ECCDF4142B94D11500EFDA8B /* ProfileHost.swift in Sources */ = {isa = PBXBuildFile; fileRef = ECCDF4132B94D11500EFDA8B /* ProfileHost.swift */; };
		ECCDF4162B94D16700EFDA8B /* ProfileSummary.swift in Sources */ = {isa = PBXBuildFile; fileRef = ECCDF4152B94D16700EFDA8B /* ProfileSummary.swift */; };
		ECCDF4192B94D20C00EFDA8B /* HikeBadge.swift in Sources */ = {isa = PBXBuildFile; fileRef = ECCDF4182B94D20C00EFDA8B /* HikeBadge.swift */; };
		ECCDF41B2B94D44500EFDA8B /* ProfileEditor.swift in Sources */ = {isa = PBXBuildFile; fileRef = ECCDF41A2B94D44500EFDA8B /* ProfileEditor.swift */; };
/* End PBXBuildFile section */

/* Begin PBXFileReference section */
		ECCDF3C82B9499F000EFDA8B /* Landmarks.app */ = {isa = PBXFileReference; explicitFileType = wrapper.application; includeInIndex = 0; path = Landmarks.app; sourceTree = BUILT_PRODUCTS_DIR; };
		ECCDF3CB2B9499F000EFDA8B /* LandmarksApp.swift */ = {isa = PBXFileReference; lastKnownFileType = sourcecode.swift; path = LandmarksApp.swift; sourceTree = "<group>"; };
		ECCDF3CD2B9499F000EFDA8B /* ContentView.swift */ = {isa = PBXFileReference; lastKnownFileType = sourcecode.swift; path = ContentView.swift; sourceTree = "<group>"; };
		ECCDF3CF2B9499F100EFDA8B /* Assets.xcassets */ = {isa = PBXFileReference; lastKnownFileType = folder.assetcatalog; path = Assets.xcassets; sourceTree = "<group>"; };
		ECCDF3D22B9499F100EFDA8B /* Preview Assets.xcassets */ = {isa = PBXFileReference; lastKnownFileType = folder.assetcatalog; path = "Preview Assets.xcassets"; sourceTree = "<group>"; };
		ECCDF3DC2B949C8600EFDA8B /* CircleImage.swift */ = {isa = PBXFileReference; lastKnownFileType = sourcecode.swift; path = CircleImage.swift; sourceTree = "<group>"; };
		ECCDF3DE2B94A0D500EFDA8B /* MapView.swift */ = {isa = PBXFileReference; lastKnownFileType = sourcecode.swift; path = MapView.swift; sourceTree = "<group>"; };
		ECCDF3E02B94A64D00EFDA8B /* landmarkData.json */ = {isa = PBXFileReference; fileEncoding = 4; lastKnownFileType = text.json; path = landmarkData.json; sourceTree = "<group>"; };
		ECCDF3E22B94A66400EFDA8B /* Landmark.swift */ = {isa = PBXFileReference; lastKnownFileType = sourcecode.swift; path = Landmark.swift; sourceTree = "<group>"; };
		ECCDF3E42B94A7B600EFDA8B /* ModelData.swift */ = {isa = PBXFileReference; lastKnownFileType = sourcecode.swift; path = ModelData.swift; sourceTree = "<group>"; };
		ECCDF3E92B94A98A00EFDA8B /* LandmarkRow.swift */ = {isa = PBXFileReference; lastKnownFileType = sourcecode.swift; path = LandmarkRow.swift; sourceTree = "<group>"; };
		ECCDF3EB2B94ABC600EFDA8B /* LandmarkList.swift */ = {isa = PBXFileReference; lastKnownFileType = sourcecode.swift; path = LandmarkList.swift; sourceTree = "<group>"; };
		ECCDF3ED2B94AFC000EFDA8B /* LandmarkDetail.swift */ = {isa = PBXFileReference; lastKnownFileType = sourcecode.swift; path = LandmarkDetail.swift; sourceTree = "<group>"; };
		ECCDF3EF2B94BE9F00EFDA8B /* FavoriteButton.swift */ = {isa = PBXFileReference; lastKnownFileType = sourcecode.swift; path = FavoriteButton.swift; sourceTree = "<group>"; };
		ECCDF3F22B94C36E00EFDA8B /* HexagonParameters.swift */ = {isa = PBXFileReference; lastKnownFileType = sourcecode.swift; path = HexagonParameters.swift; sourceTree = "<group>"; };
		ECCDF3F42B94C3F900EFDA8B /* BadgeBackground.swift */ = {isa = PBXFileReference; lastKnownFileType = sourcecode.swift; path = BadgeBackground.swift; sourceTree = "<group>"; };
		ECCDF3F62B94C59600EFDA8B /* BadgeSymbol.swift */ = {isa = PBXFileReference; lastKnownFileType = sourcecode.swift; path = BadgeSymbol.swift; sourceTree = "<group>"; };
		ECCDF3F82B94C5E300EFDA8B /* RotatedBadgeSymbol.swift */ = {isa = PBXFileReference; lastKnownFileType = sourcecode.swift; path = RotatedBadgeSymbol.swift; sourceTree = "<group>"; };
		ECCDF3FA2B94C61500EFDA8B /* Badge.swift */ = {isa = PBXFileReference; lastKnownFileType = sourcecode.swift; path = Badge.swift; sourceTree = "<group>"; };
		ECCDF3FD2B94C6BD00EFDA8B /* hikeData.json */ = {isa = PBXFileReference; fileEncoding = 4; lastKnownFileType = text.json; path = hikeData.json; sourceTree = "<group>"; };
		ECCDF3FF2B94C6D700EFDA8B /* Hike.swift */ = {isa = PBXFileReference; lastKnownFileType = sourcecode.swift; name = Hike.swift; path = Landmarks/Resources/Hike.swift; sourceTree = SOURCE_ROOT; };
		ECCDF4012B94C76000EFDA8B /* HikeGraph.swift */ = {isa = PBXFileReference; fileEncoding = 4; lastKnownFileType = sourcecode.swift; path = HikeGraph.swift; sourceTree = "<group>"; };
		ECCDF4022B94C76000EFDA8B /* GraphCapsule.swift */ = {isa = PBXFileReference; fileEncoding = 4; lastKnownFileType = sourcecode.swift; path = GraphCapsule.swift; sourceTree = "<group>"; };
		ECCDF4032B94C76000EFDA8B /* HikeDetail.swift */ = {isa = PBXFileReference; fileEncoding = 4; lastKnownFileType = sourcecode.swift; path = HikeDetail.swift; sourceTree = "<group>"; };
		ECCDF4042B94C76000EFDA8B /* HikeView.swift */ = {isa = PBXFileReference; fileEncoding = 4; lastKnownFileType = sourcecode.swift; path = HikeView.swift; sourceTree = "<group>"; };
		ECCDF4092B94CAE300EFDA8B /* CategoryHome.swift */ = {isa = PBXFileReference; lastKnownFileType = sourcecode.swift; path = CategoryHome.swift; sourceTree = "<group>"; };
		ECCDF40B2B94CC9400EFDA8B /* CategoryRow.swift */ = {isa = PBXFileReference; lastKnownFileType = sourcecode.swift; path = CategoryRow.swift; sourceTree = "<group>"; };
		ECCDF40D2B94CDAD00EFDA8B /* CategoryItem.swift */ = {isa = PBXFileReference; lastKnownFileType = sourcecode.swift; path = CategoryItem.swift; sourceTree = "<group>"; };
		ECCDF4112B94D0D400EFDA8B /* Profile.swift */ = {isa = PBXFileReference; lastKnownFileType = sourcecode.swift; path = Profile.swift; sourceTree = "<group>"; };
		ECCDF4132B94D11500EFDA8B /* ProfileHost.swift */ = {isa = PBXFileReference; lastKnownFileType = sourcecode.swift; path = ProfileHost.swift; sourceTree = "<group>"; };
		ECCDF4152B94D16700EFDA8B /* ProfileSummary.swift */ = {isa = PBXFileReference; lastKnownFileType = sourcecode.swift; path = ProfileSummary.swift; sourceTree = "<group>"; };
		ECCDF4182B94D20C00EFDA8B /* HikeBadge.swift */ = {isa = PBXFileReference; lastKnownFileType = sourcecode.swift; path = HikeBadge.swift; sourceTree = "<group>"; };
		ECCDF41A2B94D44500EFDA8B /* ProfileEditor.swift */ = {isa = PBXFileReference; lastKnownFileType = sourcecode.swift; path = ProfileEditor.swift; sourceTree = "<group>"; };
/* End PBXFileReference section */

/* Begin PBXFrameworksBuildPhase section */
		ECCDF3C52B9499F000EFDA8B /* Frameworks */ = {
			isa = PBXFrameworksBuildPhase;
			buildActionMask = 2147483647;
			files = (
			);
			runOnlyForDeploymentPostprocessing = 0;
		};
/* End PBXFrameworksBuildPhase section */

/* Begin PBXGroup section */
		ECCDF3BF2B9499F000EFDA8B = {
			isa = PBXGroup;
			children = (
				ECCDF3CA2B9499F000EFDA8B /* Landmarks */,
				ECCDF3C92B9499F000EFDA8B /* Products */,
			);
			sourceTree = "<group>";
		};
		ECCDF3C92B9499F000EFDA8B /* Products */ = {
			isa = PBXGroup;
			children = (
				ECCDF3C82B9499F000EFDA8B /* Landmarks.app */,
			);
			name = Products;
			sourceTree = "<group>";
		};
		ECCDF3CA2B9499F000EFDA8B /* Landmarks */ = {
			isa = PBXGroup;
			children = (
				ECCDF3FC2B94C66500EFDA8B /* Badges */,
				ECCDF3F12B94BF2B00EFDA8B /* Helpers */,
				ECCDF3E82B94A93200EFDA8B /* Resources */,
				ECCDF3E72B94A91900EFDA8B /* Model */,
				ECCDF3E62B94A8F600EFDA8B /* Views */,
				ECCDF3CB2B9499F000EFDA8B /* LandmarksApp.swift */,
				ECCDF3CF2B9499F100EFDA8B /* Assets.xcassets */,
				ECCDF3D12B9499F100EFDA8B /* Preview Content */,
			);
			path = Landmarks;
			sourceTree = "<group>";
		};
		ECCDF3D12B9499F100EFDA8B /* Preview Content */ = {
			isa = PBXGroup;
			children = (
				ECCDF3D22B9499F100EFDA8B /* Preview Assets.xcassets */,
			);
			path = "Preview Content";
			sourceTree = "<group>";
		};
		ECCDF3E62B94A8F600EFDA8B /* Views */ = {
			isa = PBXGroup;
			children = (
				ECCDF40F2B94D0A700EFDA8B /* CategoryView */,
				ECCDF4102B94D0C500EFDA8B /* Profile */,
				ECCDF4172B94D1F200EFDA8B /* Hikes */,
				ECCDF4022B94C76000EFDA8B /* GraphCapsule.swift */,
				ECCDF3CD2B9499F000EFDA8B /* ContentView.swift */,
				ECCDF3E92B94A98A00EFDA8B /* LandmarkRow.swift */,
				ECCDF3EB2B94ABC600EFDA8B /* LandmarkList.swift */,
				ECCDF3ED2B94AFC000EFDA8B /* LandmarkDetail.swift */,
			);
			path = Views;
			sourceTree = "<group>";
		};
		ECCDF3E72B94A91900EFDA8B /* Model */ = {
			isa = PBXGroup;
			children = (
				ECCDF4112B94D0D400EFDA8B /* Profile.swift */,
				ECCDF3FF2B94C6D700EFDA8B /* Hike.swift */,
				ECCDF3E42B94A7B600EFDA8B /* ModelData.swift */,
				ECCDF3E22B94A66400EFDA8B /* Landmark.swift */,
			);
			path = Model;
			sourceTree = "<group>";
		};
		ECCDF3E82B94A93200EFDA8B /* Resources */ = {
			isa = PBXGroup;
			children = (
				ECCDF3FD2B94C6BD00EFDA8B /* hikeData.json */,
				ECCDF3E02B94A64D00EFDA8B /* landmarkData.json */,
			);
			path = Resources;
			sourceTree = "<group>";
		};
		ECCDF3F12B94BF2B00EFDA8B /* Helpers */ = {
			isa = PBXGroup;
			children = (
				ECCDF3DC2B949C8600EFDA8B /* CircleImage.swift */,
				ECCDF3DE2B94A0D500EFDA8B /* MapView.swift */,
				ECCDF3EF2B94BE9F00EFDA8B /* FavoriteButton.swift */,
			);
			path = Helpers;
			sourceTree = "<group>";
		};
		ECCDF3FC2B94C66500EFDA8B /* Badges */ = {
			isa = PBXGroup;
			children = (
				ECCDF3F62B94C59600EFDA8B /* BadgeSymbol.swift */,
				ECCDF3F82B94C5E300EFDA8B /* RotatedBadgeSymbol.swift */,
				ECCDF3F22B94C36E00EFDA8B /* HexagonParameters.swift */,
				ECCDF3F42B94C3F900EFDA8B /* BadgeBackground.swift */,
				ECCDF3FA2B94C61500EFDA8B /* Badge.swift */,
			);
			path = Badges;
			sourceTree = "<group>";
		};
		ECCDF40F2B94D0A700EFDA8B /* CategoryView */ = {
			isa = PBXGroup;
			children = (
				ECCDF4092B94CAE300EFDA8B /* CategoryHome.swift */,
				ECCDF40B2B94CC9400EFDA8B /* CategoryRow.swift */,
				ECCDF40D2B94CDAD00EFDA8B /* CategoryItem.swift */,
			);
			path = CategoryView;
			sourceTree = "<group>";
		};
		ECCDF4102B94D0C500EFDA8B /* Profile */ = {
			isa = PBXGroup;
			children = (
				ECCDF4132B94D11500EFDA8B /* ProfileHost.swift */,
				ECCDF4152B94D16700EFDA8B /* ProfileSummary.swift */,
				ECCDF41A2B94D44500EFDA8B /* ProfileEditor.swift */,
			);
			path = Profile;
			sourceTree = "<group>";
		};
		ECCDF4172B94D1F200EFDA8B /* Hikes */ = {
			isa = PBXGroup;
			children = (
				ECCDF4032B94C76000EFDA8B /* HikeDetail.swift */,
				ECCDF4012B94C76000EFDA8B /* HikeGraph.swift */,
				ECCDF4042B94C76000EFDA8B /* HikeView.swift */,
				ECCDF4182B94D20C00EFDA8B /* HikeBadge.swift */,
			);
			path = Hikes;
			sourceTree = "<group>";
		};
/* End PBXGroup section */

/* Begin PBXNativeTarget section */
		ECCDF3C72B9499F000EFDA8B /* Landmarks */ = {
			isa = PBXNativeTarget;
			buildConfigurationList = ECCDF3D62B9499F100EFDA8B /* Build configuration list for PBXNativeTarget "Landmarks" */;
			buildPhases = (
				ECCDF3C42B9499F000EFDA8B /* Sources */,
				ECCDF3C52B9499F000EFDA8B /* Frameworks */,
				ECCDF3C62B9499F000EFDA8B /* Resources */,
			);
			buildRules = (
			);
			dependencies = (
			);
			name = Landmarks;
			productName = Landmarks;
			productReference = ECCDF3C82B9499F000EFDA8B /* Landmarks.app */;
			productType = "com.apple.product-type.application";
		};
/* End PBXNativeTarget section */

/* Begin PBXProject section */
		ECCDF3C02B9499F000EFDA8B /* Project object */ = {
			isa = PBXProject;
			attributes = {
				BuildIndependentTargetsInParallel = 1;
				LastSwiftUpdateCheck = 1500;
				LastUpgradeCheck = 1500;
				TargetAttributes = {
					ECCDF3C72B9499F000EFDA8B = {
						CreatedOnToolsVersion = 15.0;
					};
				};
			};
			buildConfigurationList = ECCDF3C32B9499F000EFDA8B /* Build configuration list for PBXProject "Landmarks" */;
			compatibilityVersion = "Xcode 14.0";
			developmentRegion = en;
			hasScannedForEncodings = 0;
			knownRegions = (
				en,
				Base,
			);
			mainGroup = ECCDF3BF2B9499F000EFDA8B;
			productRefGroup = ECCDF3C92B9499F000EFDA8B /* Products */;
			projectDirPath = "";
			projectRoot = "";
			targets = (
				ECCDF3C72B9499F000EFDA8B /* Landmarks */,
			);
		};
/* End PBXProject section */

/* Begin PBXResourcesBuildPhase section */
		ECCDF3C62B9499F000EFDA8B /* Resources */ = {
			isa = PBXResourcesBuildPhase;
			buildActionMask = 2147483647;
			files = (
				ECCDF3FE2B94C6BD00EFDA8B /* hikeData.json in Resources */,
				ECCDF3D32B9499F100EFDA8B /* Preview Assets.xcassets in Resources */,
				ECCDF3D02B9499F100EFDA8B /* Assets.xcassets in Resources */,
				ECCDF3E12B94A64D00EFDA8B /* landmarkData.json in Resources */,
			);
			runOnlyForDeploymentPostprocessing = 0;
		};
/* End PBXResourcesBuildPhase section */

/* Begin PBXSourcesBuildPhase section */
		ECCDF3C42B9499F000EFDA8B /* Sources */ = {
			isa = PBXSourcesBuildPhase;
			buildActionMask = 2147483647;
			files = (
				ECCDF40C2B94CC9400EFDA8B /* CategoryRow.swift in Sources */,
				ECCDF4122B94D0D400EFDA8B /* Profile.swift in Sources */,
				ECCDF3CE2B9499F000EFDA8B /* ContentView.swift in Sources */,
				ECCDF40A2B94CAE300EFDA8B /* CategoryHome.swift in Sources */,
				ECCDF3FB2B94C61500EFDA8B /* Badge.swift in Sources */,
				ECCDF3EA2B94A98A00EFDA8B /* LandmarkRow.swift in Sources */,
				ECCDF3DF2B94A0D500EFDA8B /* MapView.swift in Sources */,
				ECCDF3F02B94BE9F00EFDA8B /* FavoriteButton.swift in Sources */,
				ECCDF3F32B94C36E00EFDA8B /* HexagonParameters.swift in Sources */,
				ECCDF4002B94C6D700EFDA8B /* Hike.swift in Sources */,
				ECCDF40E2B94CDAD00EFDA8B /* CategoryItem.swift in Sources */,
				ECCDF4072B94C76000EFDA8B /* HikeDetail.swift in Sources */,
				ECCDF4162B94D16700EFDA8B /* ProfileSummary.swift in Sources */,
				ECCDF3F92B94C5E300EFDA8B /* RotatedBadgeSymbol.swift in Sources */,
				ECCDF4142B94D11500EFDA8B /* ProfileHost.swift in Sources */,
				ECCDF3F72B94C59600EFDA8B /* BadgeSymbol.swift in Sources */,
				ECCDF3EC2B94ABC600EFDA8B /* LandmarkList.swift in Sources */,
				ECCDF3EE2B94AFC000EFDA8B /* LandmarkDetail.swift in Sources */,
				ECCDF41B2B94D44500EFDA8B /* ProfileEditor.swift in Sources */,
				ECCDF3F52B94C3F900EFDA8B /* BadgeBackground.swift in Sources */,
				ECCDF4082B94C76000EFDA8B /* HikeView.swift in Sources */,
				ECCDF3CC2B9499F000EFDA8B /* LandmarksApp.swift in Sources */,
				ECCDF3DD2B949C8600EFDA8B /* CircleImage.swift in Sources */,
				ECCDF4192B94D20C00EFDA8B /* HikeBadge.swift in Sources */,
				ECCDF4062B94C76000EFDA8B /* GraphCapsule.swift in Sources */,
				ECCDF3E32B94A66400EFDA8B /* Landmark.swift in Sources */,
				ECCDF3E52B94A7B600EFDA8B /* ModelData.swift in Sources */,
				ECCDF4052B94C76000EFDA8B /* HikeGraph.swift in Sources */,
			);
			runOnlyForDeploymentPostprocessing = 0;
		};
/* End PBXSourcesBuildPhase section */

/* Begin XCBuildConfiguration section */
		ECCDF3D42B9499F100EFDA8B /* Debug */ = {
			isa = XCBuildConfiguration;
			buildSettings = {
				ALWAYS_SEARCH_USER_PATHS = NO;
				ASSETCATALOG_COMPILER_GENERATE_SWIFT_ASSET_SYMBOL_EXTENSIONS = YES;
				CLANG_ANALYZER_NONNULL = YES;
				CLANG_ANALYZER_NUMBER_OBJECT_CONVERSION = YES_AGGRESSIVE;
				CLANG_CXX_LANGUAGE_STANDARD = "gnu++20";
				CLANG_ENABLE_MODULES = YES;
				CLANG_ENABLE_OBJC_ARC = YES;
				CLANG_ENABLE_OBJC_WEAK = YES;
				CLANG_WARN_BLOCK_CAPTURE_AUTORELEASING = YES;
				CLANG_WARN_BOOL_CONVERSION = YES;
				CLANG_WARN_COMMA = YES;
				CLANG_WARN_CONSTANT_CONVERSION = YES;
				CLANG_WARN_DEPRECATED_OBJC_IMPLEMENTATIONS = YES;
				CLANG_WARN_DIRECT_OBJC_ISA_USAGE = YES_ERROR;
				CLANG_WARN_DOCUMENTATION_COMMENTS = YES;
				CLANG_WARN_EMPTY_BODY = YES;
				CLANG_WARN_ENUM_CONVERSION = YES;
				CLANG_WARN_INFINITE_RECURSION = YES;
				CLANG_WARN_INT_CONVERSION = YES;
				CLANG_WARN_NON_LITERAL_NULL_CONVERSION = YES;
				CLANG_WARN_OBJC_IMPLICIT_RETAIN_SELF = YES;
				CLANG_WARN_OBJC_LITERAL_CONVERSION = YES;
				CLANG_WARN_OBJC_ROOT_CLASS = YES_ERROR;
				CLANG_WARN_QUOTED_INCLUDE_IN_FRAMEWORK_HEADER = YES;
				CLANG_WARN_RANGE_LOOP_ANALYSIS = YES;
				CLANG_WARN_STRICT_PROTOTYPES = YES;
				CLANG_WARN_SUSPICIOUS_MOVE = YES;
				CLANG_WARN_UNGUARDED_AVAILABILITY = YES_AGGRESSIVE;
				CLANG_WARN_UNREACHABLE_CODE = YES;
				CLANG_WARN__DUPLICATE_METHOD_MATCH = YES;
				COPY_PHASE_STRIP = NO;
				DEBUG_INFORMATION_FORMAT = dwarf;
				ENABLE_STRICT_OBJC_MSGSEND = YES;
				ENABLE_TESTABILITY = YES;
				ENABLE_USER_SCRIPT_SANDBOXING = YES;
				GCC_C_LANGUAGE_STANDARD = gnu17;
				GCC_DYNAMIC_NO_PIC = NO;
				GCC_NO_COMMON_BLOCKS = YES;
				GCC_OPTIMIZATION_LEVEL = 0;
				GCC_PREPROCESSOR_DEFINITIONS = (
					"DEBUG=1",
					"$(inherited)",
				);
				GCC_WARN_64_TO_32_BIT_CONVERSION = YES;
				GCC_WARN_ABOUT_RETURN_TYPE = YES_ERROR;
				GCC_WARN_UNDECLARED_SELECTOR = YES;
				GCC_WARN_UNINITIALIZED_AUTOS = YES_AGGRESSIVE;
				GCC_WARN_UNUSED_FUNCTION = YES;
				GCC_WARN_UNUSED_VARIABLE = YES;
				IPHONEOS_DEPLOYMENT_TARGET = 17.0;
				LOCALIZATION_PREFERS_STRING_CATALOGS = YES;
				MTL_ENABLE_DEBUG_INFO = INCLUDE_SOURCE;
				MTL_FAST_MATH = YES;
				ONLY_ACTIVE_ARCH = YES;
				SDKROOT = iphoneos;
				SWIFT_ACTIVE_COMPILATION_CONDITIONS = "DEBUG $(inherited)";
				SWIFT_OPTIMIZATION_LEVEL = "-Onone";
			};
			name = Debug;
		};
		ECCDF3D52B9499F100EFDA8B /* Release */ = {
			isa = XCBuildConfiguration;
			buildSettings = {
				ALWAYS_SEARCH_USER_PATHS = NO;
				ASSETCATALOG_COMPILER_GENERATE_SWIFT_ASSET_SYMBOL_EXTENSIONS = YES;
				CLANG_ANALYZER_NONNULL = YES;
				CLANG_ANALYZER_NUMBER_OBJECT_CONVERSION = YES_AGGRESSIVE;
				CLANG_CXX_LANGUAGE_STANDARD = "gnu++20";
				CLANG_ENABLE_MODULES = YES;
				CLANG_ENABLE_OBJC_ARC = YES;
				CLANG_ENABLE_OBJC_WEAK = YES;
				CLANG_WARN_BLOCK_CAPTURE_AUTORELEASING = YES;
				CLANG_WARN_BOOL_CONVERSION = YES;
				CLANG_WARN_COMMA = YES;
				CLANG_WARN_CONSTANT_CONVERSION = YES;
				CLANG_WARN_DEPRECATED_OBJC_IMPLEMENTATIONS = YES;
				CLANG_WARN_DIRECT_OBJC_ISA_USAGE = YES_ERROR;
				CLANG_WARN_DOCUMENTATION_COMMENTS = YES;
				CLANG_WARN_EMPTY_BODY = YES;
				CLANG_WARN_ENUM_CONVERSION = YES;
				CLANG_WARN_INFINITE_RECURSION = YES;
				CLANG_WARN_INT_CONVERSION = YES;
				CLANG_WARN_NON_LITERAL_NULL_CONVERSION = YES;
				CLANG_WARN_OBJC_IMPLICIT_RETAIN_SELF = YES;
				CLANG_WARN_OBJC_LITERAL_CONVERSION = YES;
				CLANG_WARN_OBJC_ROOT_CLASS = YES_ERROR;
				CLANG_WARN_QUOTED_INCLUDE_IN_FRAMEWORK_HEADER = YES;
				CLANG_WARN_RANGE_LOOP_ANALYSIS = YES;
				CLANG_WARN_STRICT_PROTOTYPES = YES;
				CLANG_WARN_SUSPICIOUS_MOVE = YES;
				CLANG_WARN_UNGUARDED_AVAILABILITY = YES_AGGRESSIVE;
				CLANG_WARN_UNREACHABLE_CODE = YES;
				CLANG_WARN__DUPLICATE_METHOD_MATCH = YES;
				COPY_PHASE_STRIP = NO;
				DEBUG_INFORMATION_FORMAT = "dwarf-with-dsym";
				ENABLE_NS_ASSERTIONS = NO;
				ENABLE_STRICT_OBJC_MSGSEND = YES;
				ENABLE_USER_SCRIPT_SANDBOXING = YES;
				GCC_C_LANGUAGE_STANDARD = gnu17;
				GCC_NO_COMMON_BLOCKS = YES;
				GCC_WARN_64_TO_32_BIT_CONVERSION = YES;
				GCC_WARN_ABOUT_RETURN_TYPE = YES_ERROR;
				GCC_WARN_UNDECLARED_SELECTOR = YES;
				GCC_WARN_UNINITIALIZED_AUTOS = YES_AGGRESSIVE;
				GCC_WARN_UNUSED_FUNCTION = YES;
				GCC_WARN_UNUSED_VARIABLE = YES;
				IPHONEOS_DEPLOYMENT_TARGET = 17.0;
				LOCALIZATION_PREFERS_STRING_CATALOGS = YES;
				MTL_ENABLE_DEBUG_INFO = NO;
				MTL_FAST_MATH = YES;
				SDKROOT = iphoneos;
				SWIFT_COMPILATION_MODE = wholemodule;
				VALIDATE_PRODUCT = YES;
			};
			name = Release;
		};
		ECCDF3D72B9499F100EFDA8B /* Debug */ = {
			isa = XCBuildConfiguration;
			buildSettings = {
				ASSETCATALOG_COMPILER_APPICON_NAME = AppIcon;
				ASSETCATALOG_COMPILER_GLOBAL_ACCENT_COLOR_NAME = AccentColor;
				CODE_SIGN_IDENTITY = "Apple Development";
				CODE_SIGN_STYLE = Automatic;
				CURRENT_PROJECT_VERSION = 1;
				DEVELOPMENT_ASSET_PATHS = "\"Landmarks/Preview Content\"";
				DEVELOPMENT_TEAM = BWY5CKSFMQ;
				ENABLE_PREVIEWS = YES;
				GENERATE_INFOPLIST_FILE = YES;
				INFOPLIST_KEY_UIApplicationSceneManifest_Generation = YES;
				INFOPLIST_KEY_UIApplicationSupportsIndirectInputEvents = YES;
				INFOPLIST_KEY_UILaunchScreen_Generation = YES;
				INFOPLIST_KEY_UISupportedInterfaceOrientations_iPad = "UIInterfaceOrientationPortrait UIInterfaceOrientationPortraitUpsideDown UIInterfaceOrientationLandscapeLeft UIInterfaceOrientationLandscapeRight";
				INFOPLIST_KEY_UISupportedInterfaceOrientations_iPhone = "UIInterfaceOrientationPortrait UIInterfaceOrientationLandscapeLeft UIInterfaceOrientationLandscapeRight";
				LD_RUNPATH_SEARCH_PATHS = (
					"$(inherited)",
					"@executable_path/Frameworks",
				);
				MARKETING_VERSION = 1.0;
				PRODUCT_BUNDLE_IDENTIFIER = com.zeekg.test.Landmarks;
				PRODUCT_NAME = "$(TARGET_NAME)";
				PROVISIONING_PROFILE_SPECIFIER = "";
				SWIFT_EMIT_LOC_STRINGS = YES;
				SWIFT_VERSION = 5.0;
				TARGETED_DEVICE_FAMILY = "1,2";
			};
			name = Debug;
		};
		ECCDF3D82B9499F100EFDA8B /* Release */ = {
			isa = XCBuildConfiguration;
			buildSettings = {
				ASSETCATALOG_COMPILER_APPICON_NAME = AppIcon;
				ASSETCATALOG_COMPILER_GLOBAL_ACCENT_COLOR_NAME = AccentColor;
				CODE_SIGN_IDENTITY = "Apple Development";
				CODE_SIGN_STYLE = Automatic;
				CURRENT_PROJECT_VERSION = 1;
				DEVELOPMENT_ASSET_PATHS = "\"Landmarks/Preview Content\"";
				DEVELOPMENT_TEAM = BWY5CKSFMQ;
				ENABLE_PREVIEWS = YES;
				GENERATE_INFOPLIST_FILE = YES;
				INFOPLIST_KEY_UIApplicationSceneManifest_Generation = YES;
				INFOPLIST_KEY_UIApplicationSupportsIndirectInputEvents = YES;
				INFOPLIST_KEY_UILaunchScreen_Generation = YES;
				INFOPLIST_KEY_UISupportedInterfaceOrientations_iPad = "UIInterfaceOrientationPortrait UIInterfaceOrientationPortraitUpsideDown UIInterfaceOrientationLandscapeLeft UIInterfaceOrientationLandscapeRight";
				INFOPLIST_KEY_UISupportedInterfaceOrientations_iPhone = "UIInterfaceOrientationPortrait UIInterfaceOrientationLandscapeLeft UIInterfaceOrientationLandscapeRight";
				LD_RUNPATH_SEARCH_PATHS = (
					"$(inherited)",
					"@executable_path/Frameworks",
				);
				MARKETING_VERSION = 1.0;
				PRODUCT_BUNDLE_IDENTIFIER = com.zeekg.test.Landmarks;
				PRODUCT_NAME = "$(TARGET_NAME)";
				PROVISIONING_PROFILE_SPECIFIER = "";
				SWIFT_EMIT_LOC_STRINGS = YES;
				SWIFT_VERSION = 5.0;
				TARGETED_DEVICE_FAMILY = "1,2";
			};
			name = Release;
		};
/* End XCBuildConfiguration section */

/* Begin XCConfigurationList section */
		ECCDF3C32B9499F000EFDA8B /* Build configuration list for PBXProject "Landmarks" */ = {
			isa = XCConfigurationList;
			buildConfigurations = (
				ECCDF3D42B9499F100EFDA8B /* Debug */,
				ECCDF3D52B9499F100EFDA8B /* Release */,
			);
			defaultConfigurationIsVisible = 0;
			defaultConfigurationName = Release;
		};
		ECCDF3D62B9499F100EFDA8B /* Build configuration list for PBXNativeTarget "Landmarks" */ = {
			isa = XCConfigurationList;
			buildConfigurations = (
				ECCDF3D72B9499F100EFDA8B /* Debug */,
				ECCDF3D82B9499F100EFDA8B /* Release */,
			);
			defaultConfigurationIsVisible = 0;
			defaultConfigurationName = Release;
		};
/* End XCConfigurationList section */
	};
	rootObject = ECCDF3C02B9499F000EFDA8B /* Project object */;
}
